
Microsoft Visual Studio Solution File, Format Version 12.00
# Visual Studio Version 17
VisualStudioVersion = 17.7.34221.43
MinimumVisualStudioVersion = 10.0.40219.1
Project("{9A19103F-16F7-4668-BE54-9A1E7A4F7556}") = "ProjectWebApi", "ProjectWebApi\ProjectWebApi.csproj", "{9F254CAB-24A3-4938-B78C-846D869991DF}"
EndProject
Project("{9A19103F-16F7-4668-BE54-9A1E7A4F7556}") = "Model", "Model\Model.csproj", "{BD887DCC-070E-4985-B87E-556A9C5D0CF0}"
EndProject
Project("{FAE04EC0-301F-11D3-BF4B-00C04F79EFBC}") = "Services", "Services\Services.csproj", "{D752AC42-7D15-4FFD-8D5D-51BAB4D93998}"
EndProject
Global
	GlobalSection(SolutionConfigurationPlatforms) = preSolution
		Debug|Any CPU = Debug|Any CPU
		Release|Any CPU = Release|Any CPU
	EndGlobalSection
	GlobalSection(ProjectConfigurationPlatforms) = postSolution
		{9F254CAB-24A3-4938-B78C-846D869991DF}.Debug|Any CPU.ActiveCfg = Debug|Any CPU
		{9F254CAB-24A3-4938-B78C-846D869991DF}.Debug|Any CPU.Build.0 = Debug|Any CPU
		{9F254CAB-24A3-4938-B78C-846D869991DF}.Release|Any CPU.ActiveCfg = Release|Any CPU
		{9F254CAB-24A3-4938-B78C-846D869991DF}.Release|Any CPU.Build.0 = Release|Any CPU
		{BD887DCC-070E-4985-B87E-556A9C5D0CF0}.Debug|Any CPU.ActiveCfg = Debug|Any CPU
		{BD887DCC-070E-4985-B87E-556A9C5D0CF0}.Debug|Any CPU.Build.0 = Debug|Any CPU
		{BD887DCC-070E-4985-B87E-556A9C5D0CF0}.Release|Any CPU.ActiveCfg = Release|Any CPU
		{BD887DCC-070E-4985-B87E-556A9C5D0CF0}.Release|Any CPU.Build.0 = Release|Any CPU
		{D752AC42-7D15-4FFD-8D5D-51BAB4D93998}.Debug|Any CPU.ActiveCfg = Debug|Any CPU
		{D752AC42-7D15-4FFD-8D5D-51BAB4D93998}.Debug|Any CPU.Build.0 = Debug|Any CPU
		{D752AC42-7D15-4FFD-8D5D-51BAB4D93998}.Release|Any CPU.ActiveCfg = Release|Any CPU
		{D752AC42-7D15-4FFD-8D5D-51BAB4D93998}.Release|Any CPU.Build.0 = Release|Any CPU
	EndGlobalSection
	GlobalSection(SolutionProperties) = preSolution
		HideSolutionNode = FALSE
	EndGlobalSection
	GlobalSection(ExtensibilityGlobals) = postSolution
		SolutionGuid = {BB96CBD8-08C1-4AAC-8FE5-10B3DAB713F8}
	EndGlobalSection
EndGlobal
