
Microsoft Visual Studio Solution File, Format Version 12.00
# Visual Studio Version 16
VisualStudioVersion = 16.0.33920.266
MinimumVisualStudioVersion = 10.0.40219.1
Project("{FAE04EC0-301F-11D3-BF4B-00C04F79EFBC}") = "Olx_New_Project", "Olx_New_Project\Olx_New_Project.csproj", "{816D0EB4-D172-4D96-9969-854F3A8AC957}"
EndProject
Global
	GlobalSection(SolutionConfigurationPlatforms) = preSolution
		Debug|Any CPU = Debug|Any CPU
		Release|Any CPU = Release|Any CPU
	EndGlobalSection
	GlobalSection(ProjectConfigurationPlatforms) = postSolution
		{816D0EB4-D172-4D96-9969-854F3A8AC957}.Debug|Any CPU.ActiveCfg = Debug|Any CPU
		{816D0EB4-D172-4D96-9969-854F3A8AC957}.Debug|Any CPU.Build.0 = Debug|Any CPU
		{816D0EB4-D172-4D96-9969-854F3A8AC957}.Release|Any CPU.ActiveCfg = Release|Any CPU
		{816D0EB4-D172-4D96-9969-854F3A8AC957}.Release|Any CPU.Build.0 = Release|Any CPU
	EndGlobalSection
	GlobalSection(SolutionProperties) = preSolution
		HideSolutionNode = FALSE
	EndGlobalSection
	GlobalSection(ExtensibilityGlobals) = postSolution
		SolutionGuid = {E863C8E1-D52E-40EE-9940-2F30F7BC3438}
	EndGlobalSection
EndGlobal
